Microsoft Visual Studio Solution File, Format Version 11.00
# Visual Studio 2008

Project("{A1F3BEBA-45D5-4C3C-589A-CB6D0A734BDC}") = "Pics Quiz Maker Categories (Monetized)", "Assembly-CSharp-firstpass-vs.csproj", "{B192513E-3B4B-33E8-40C5-FAC5AED08538}"
EndProject
Project("{A1F3BEBA-45D5-4C3C-589A-CB6D0A734BDC}") = "Pics Quiz Maker Categories (Monetized)", "Assembly-CSharp-vs.csproj", "{557B9A8E-19B1-15EA-9694-A55E351B4082}"
EndProject
Project("{A1F3BEBA-45D5-4C3C-589A-CB6D0A734BDC}") = "Pics Quiz Maker Categories (Monetized)", "Assembly-CSharp-Editor-firstpass-vs.csproj", "{C5DFB031-8982-A9A8-1FD9-E3159F50722A}"
EndProject
Project("{A1F3BEBA-45D5-4C3C-589A-CB6D0A734BDC}") = "Pics Quiz Maker Categories (Monetized)", "Assembly-CSharp-Editor-vs.csproj", "{F7BBAFFA-1B6B-6E09-E606-7988A438CBF5}"
EndProject
Global
	GlobalSection(SolutionConfigurationPlatforms) = preSolution
		Debug|Any CPU = Debug|Any CPU
		Release|Any CPU = Release|Any CPU
	EndGlobalSection
	GlobalSection(ProjectConfigurationPlatforms) = postSolution
		{B192513E-3B4B-33E8-40C5-FAC5AED08538}.Debug|Any CPU.ActiveCfg = Debug|Any CPU
		{B192513E-3B4B-33E8-40C5-FAC5AED08538}.Debug|Any CPU.Build.0 = Debug|Any CPU
		{B192513E-3B4B-33E8-40C5-FAC5AED08538}.Release|Any CPU.ActiveCfg = Release|Any CPU
		{B192513E-3B4B-33E8-40C5-FAC5AED08538}.Release|Any CPU.Build.0 = Release|Any CPU
		{557B9A8E-19B1-15EA-9694-A55E351B4082}.Debug|Any CPU.ActiveCfg = Debug|Any CPU
		{557B9A8E-19B1-15EA-9694-A55E351B4082}.Debug|Any CPU.Build.0 = Debug|Any CPU
		{557B9A8E-19B1-15EA-9694-A55E351B4082}.Release|Any CPU.ActiveCfg = Release|Any CPU
		{557B9A8E-19B1-15EA-9694-A55E351B4082}.Release|Any CPU.Build.0 = Release|Any CPU
		{C5DFB031-8982-A9A8-1FD9-E3159F50722A}.Debug|Any CPU.ActiveCfg = Debug|Any CPU
		{C5DFB031-8982-A9A8-1FD9-E3159F50722A}.Debug|Any CPU.Build.0 = Debug|Any CPU
		{C5DFB031-8982-A9A8-1FD9-E3159F50722A}.Release|Any CPU.ActiveCfg = Release|Any CPU
		{C5DFB031-8982-A9A8-1FD9-E3159F50722A}.Release|Any CPU.Build.0 = Release|Any CPU
		{F7BBAFFA-1B6B-6E09-E606-7988A438CBF5}.Debug|Any CPU.ActiveCfg = Debug|Any CPU
		{F7BBAFFA-1B6B-6E09-E606-7988A438CBF5}.Debug|Any CPU.Build.0 = Debug|Any CPU
		{F7BBAFFA-1B6B-6E09-E606-7988A438CBF5}.Release|Any CPU.ActiveCfg = Release|Any CPU
		{F7BBAFFA-1B6B-6E09-E606-7988A438CBF5}.Release|Any CPU.Build.0 = Release|Any CPU
	EndGlobalSection
	GlobalSection(SolutionProperties) = preSolution
		HideSolutionNode = FALSE
	EndGlobalSection
		GlobalSection(MonoDevelopProperties) = preSolution
		StartupItem = Assembly-CSharp.csproj
		Policies = $0
		$0.TextStylePolicy = $1
		$1.inheritsSet = null
		$1.scope = text/x-csharp
		$0.CSharpFormattingPolicy = $2
		$2.inheritsSet = Mono
		$2.inheritsScope = text/x-csharp
		$2.scope = text/x-csharp
		$0.TextStylePolicy = $3
		$3.FileWidth = 120
		$3.TabWidth = 4
		$3.IndentWidth = 4
		$3.EolMarker = Unix
		$3.inheritsSet = Mono
		$3.inheritsScope = text/plain
		$3.scope = text/plain
	EndGlobalSection

EndGlobal
