Microsoft Visual Studio Solution File, Format Version 11.00
# Visual Studio 2008

Project("{7BAA8D4D-40A5-DA00-8BBE-8BFEE47D89B4}") = "Pics Quiz Maker (Monetized) Android by Categories", "Assembly-CSharp-firstpass.csproj", "{33416E87-79AD-AE24-DC66-A874B990812D}"
EndProject
Project("{7BAA8D4D-40A5-DA00-8BBE-8BFEE47D89B4}") = "Pics Quiz Maker (Monetized) Android by Categories", "Assembly-CSharp.csproj", "{506DEE80-CD73-A8B0-A291-14BB9171F34B}"
EndProject
Project("{7BAA8D4D-40A5-DA00-8BBE-8BFEE47D89B4}") = "Pics Quiz Maker (Monetized) Android by Categories", "Assembly-CSharp-Editor-firstpass.csproj", "{19262050-CDED-6A59-B7EA-199EA89880A3}"
EndProject
Project("{7BAA8D4D-40A5-DA00-8BBE-8BFEE47D89B4}") = "Pics Quiz Maker (Monetized) Android by Categories", "Assembly-CSharp-Editor.csproj", "{6A5E452B-1B87-2161-1B07-E27E6F8E9C17}"
EndProject
Project("{7BAA8D4D-40A5-DA00-8BBE-8BFEE47D89B4}") = "Pics Quiz Maker (Monetized) Android by Categories", "Assembly-UnityScript.unityproj", "{13B4A06C-CD41-F5CD-071E-4F055BBADC88}"
EndProject
Global
	GlobalSection(SolutionConfigurationPlatforms) = preSolution
		Debug|Any CPU = Debug|Any CPU
		Release|Any CPU = Release|Any CPU
	EndGlobalSection
	GlobalSection(ProjectConfigurationPlatforms) = postSolution
		{33416E87-79AD-AE24-DC66-A874B990812D}.Debug|Any CPU.ActiveCfg = Debug|Any CPU
		{33416E87-79AD-AE24-DC66-A874B990812D}.Debug|Any CPU.Build.0 = Debug|Any CPU
		{33416E87-79AD-AE24-DC66-A874B990812D}.Release|Any CPU.ActiveCfg = Release|Any CPU
		{33416E87-79AD-AE24-DC66-A874B990812D}.Release|Any CPU.Build.0 = Release|Any CPU
		{506DEE80-CD73-A8B0-A291-14BB9171F34B}.Debug|Any CPU.ActiveCfg = Debug|Any CPU
		{506DEE80-CD73-A8B0-A291-14BB9171F34B}.Debug|Any CPU.Build.0 = Debug|Any CPU
		{506DEE80-CD73-A8B0-A291-14BB9171F34B}.Release|Any CPU.ActiveCfg = Release|Any CPU
		{506DEE80-CD73-A8B0-A291-14BB9171F34B}.Release|Any CPU.Build.0 = Release|Any CPU
		{19262050-CDED-6A59-B7EA-199EA89880A3}.Debug|Any CPU.ActiveCfg = Debug|Any CPU
		{19262050-CDED-6A59-B7EA-199EA89880A3}.Debug|Any CPU.Build.0 = Debug|Any CPU
		{19262050-CDED-6A59-B7EA-199EA89880A3}.Release|Any CPU.ActiveCfg = Release|Any CPU
		{19262050-CDED-6A59-B7EA-199EA89880A3}.Release|Any CPU.Build.0 = Release|Any CPU
		{6A5E452B-1B87-2161-1B07-E27E6F8E9C17}.Debug|Any CPU.ActiveCfg = Debug|Any CPU
		{6A5E452B-1B87-2161-1B07-E27E6F8E9C17}.Debug|Any CPU.Build.0 = Debug|Any CPU
		{6A5E452B-1B87-2161-1B07-E27E6F8E9C17}.Release|Any CPU.ActiveCfg = Release|Any CPU
		{6A5E452B-1B87-2161-1B07-E27E6F8E9C17}.Release|Any CPU.Build.0 = Release|Any CPU
		{13B4A06C-CD41-F5CD-071E-4F055BBADC88}.Debug|Any CPU.ActiveCfg = Debug|Any CPU
		{13B4A06C-CD41-F5CD-071E-4F055BBADC88}.Debug|Any CPU.Build.0 = Debug|Any CPU
		{13B4A06C-CD41-F5CD-071E-4F055BBADC88}.Release|Any CPU.ActiveCfg = Release|Any CPU
		{13B4A06C-CD41-F5CD-071E-4F055BBADC88}.Release|Any CPU.Build.0 = Release|Any CPU
	EndGlobalSection
	GlobalSection(SolutionProperties) = preSolution
		HideSolutionNode = FALSE
	EndGlobalSection
					GlobalSection(MonoDevelopProperties) = preSolution
		StartupItem = Assembly-CSharp.csproj
		Policies = $0
		$0.TextStylePolicy = $1
		$1.inheritsSet = null
		$1.scope = text/x-csharp
		$0.CSharpFormattingPolicy = $2
		$2.inheritsSet = Mono
		$2.inheritsScope = text/x-csharp
		$2.scope = text/x-csharp
		$0.TextStylePolicy = $3
		$3.FileWidth = 120
		$3.TabWidth = 4
		$3.IndentWidth = 4
		$3.EolMarker = Unix
		$3.inheritsSet = Mono
		$3.inheritsScope = text/plain
		$3.scope = text/plain
	EndGlobalSection

EndGlobal
