Microsoft Visual Studio Solution File, Format Version 11.00
# Visual Studio 2008

Project("{87D2F1BE-8CA3-2D61-F921-227390EDB157}") = "Pics Quiz Maker (Monetized) Android", "Assembly-CSharp-firstpass-vs.csproj", "{72A6B33B-14F0-D050-A03E-36C9227B5662}"
EndProject
Project("{87D2F1BE-8CA3-2D61-F921-227390EDB157}") = "Pics Quiz Maker (Monetized) Android", "Assembly-CSharp-vs.csproj", "{E3628E46-E873-92CB-EB70-F904889107A0}"
EndProject
Project("{87D2F1BE-8CA3-2D61-F921-227390EDB157}") = "Pics Quiz Maker (Monetized) Android", "Assembly-CSharp-Editor-firstpass-vs.csproj", "{91491F50-5959-47E4-80B9-2296566DACD3}"
EndProject
Project("{87D2F1BE-8CA3-2D61-F921-227390EDB157}") = "Pics Quiz Maker (Monetized) Android", "Assembly-CSharp-Editor-vs.csproj", "{9CBD3981-A9CB-E8F1-4B99-EDB19671C5DA}"
EndProject
Global
	GlobalSection(SolutionConfigurationPlatforms) = preSolution
		Debug|Any CPU = Debug|Any CPU
		Release|Any CPU = Release|Any CPU
	EndGlobalSection
	GlobalSection(ProjectConfigurationPlatforms) = postSolution
		{72A6B33B-14F0-D050-A03E-36C9227B5662}.Debug|Any CPU.ActiveCfg = Debug|Any CPU
		{72A6B33B-14F0-D050-A03E-36C9227B5662}.Debug|Any CPU.Build.0 = Debug|Any CPU
		{72A6B33B-14F0-D050-A03E-36C9227B5662}.Release|Any CPU.ActiveCfg = Release|Any CPU
		{72A6B33B-14F0-D050-A03E-36C9227B5662}.Release|Any CPU.Build.0 = Release|Any CPU
		{E3628E46-E873-92CB-EB70-F904889107A0}.Debug|Any CPU.ActiveCfg = Debug|Any CPU
		{E3628E46-E873-92CB-EB70-F904889107A0}.Debug|Any CPU.Build.0 = Debug|Any CPU
		{E3628E46-E873-92CB-EB70-F904889107A0}.Release|Any CPU.ActiveCfg = Release|Any CPU
		{E3628E46-E873-92CB-EB70-F904889107A0}.Release|Any CPU.Build.0 = Release|Any CPU
		{91491F50-5959-47E4-80B9-2296566DACD3}.Debug|Any CPU.ActiveCfg = Debug|Any CPU
		{91491F50-5959-47E4-80B9-2296566DACD3}.Debug|Any CPU.Build.0 = Debug|Any CPU
		{91491F50-5959-47E4-80B9-2296566DACD3}.Release|Any CPU.ActiveCfg = Release|Any CPU
		{91491F50-5959-47E4-80B9-2296566DACD3}.Release|Any CPU.Build.0 = Release|Any CPU
		{9CBD3981-A9CB-E8F1-4B99-EDB19671C5DA}.Debug|Any CPU.ActiveCfg = Debug|Any CPU
		{9CBD3981-A9CB-E8F1-4B99-EDB19671C5DA}.Debug|Any CPU.Build.0 = Debug|Any CPU
		{9CBD3981-A9CB-E8F1-4B99-EDB19671C5DA}.Release|Any CPU.ActiveCfg = Release|Any CPU
		{9CBD3981-A9CB-E8F1-4B99-EDB19671C5DA}.Release|Any CPU.Build.0 = Release|Any CPU
	EndGlobalSection
	GlobalSection(SolutionProperties) = preSolution
		HideSolutionNode = FALSE
	EndGlobalSection
					GlobalSection(MonoDevelopProperties) = preSolution
		StartupItem = Assembly-CSharp.csproj
		Policies = $0
		$0.TextStylePolicy = $1
		$1.inheritsSet = null
		$1.scope = text/x-csharp
		$0.CSharpFormattingPolicy = $2
		$2.inheritsSet = Mono
		$2.inheritsScope = text/x-csharp
		$2.scope = text/x-csharp
		$0.TextStylePolicy = $3
		$3.FileWidth = 120
		$3.TabWidth = 4
		$3.IndentWidth = 4
		$3.EolMarker = Unix
		$3.inheritsSet = Mono
		$3.inheritsScope = text/plain
		$3.scope = text/plain
	EndGlobalSection

EndGlobal
